
Microsoft Visual Studio Solution File, Format Version 12.00
# Visual Studio Version 17
VisualStudioVersion = 17.13.35913.81
MinimumVisualStudioVersion = 10.0.40219.1
Project("{FAE04EC0-301F-11D3-BF4B-00C04F79EFBC}") = "To-doList", "To-doList\To-doList.csproj", "{A98CB494-DAB7-4D42-99FD-2E6D6CE2795E}"
EndProject
Global
	GlobalSection(SolutionConfigurationPlatforms) = preSolution
		Debug|Any CPU = Debug|Any CPU
		Release|Any CPU = Release|Any CPU
	EndGlobalSection
	GlobalSection(ProjectConfigurationPlatforms) = postSolution
		{A98CB494-DAB7-4D42-99FD-2E6D6CE2795E}.Debug|Any CPU.ActiveCfg = Debug|Any CPU
		{A98CB494-DAB7-4D42-99FD-2E6D6CE2795E}.Debug|Any CPU.Build.0 = Debug|Any CPU
		{A98CB494-DAB7-4D42-99FD-2E6D6CE2795E}.Release|Any CPU.ActiveCfg = Release|Any CPU
		{A98CB494-DAB7-4D42-99FD-2E6D6CE2795E}.Release|Any CPU.Build.0 = Release|Any CPU
	EndGlobalSection
	GlobalSection(SolutionProperties) = preSolution
		HideSolutionNode = FALSE
	EndGlobalSection
	GlobalSection(ExtensibilityGlobals) = postSolution
		SolutionGuid = {FFE5BB38-C8C5-420D-9715-A478DD29AA36}
	EndGlobalSection
EndGlobal
